
Microsoft Visual Studio Solution File, Format Version 12.00
# Visual Studio 15
VisualStudioVersion = 15.0.28010.2050
MinimumVisualStudioVersion = 10.0.40219.1
Project("{FAE04EC0-301F-11D3-BF4B-00C04F79EFBC}") = "ManiaExchangeClient", "ManiaExchangeClient\ManiaExchangeClient.csproj", "{A7FCC67B-2906-48AF-851A-61E73CCDB65E}"
EndProject
Global
	GlobalSection(SolutionConfigurationPlatforms) = preSolution
		Debug|Any CPU = Debug|Any CPU
		Release|Any CPU = Release|Any CPU
	EndGlobalSection
	GlobalSection(ProjectConfigurationPlatforms) = postSolution
		{A7FCC67B-2906-48AF-851A-61E73CCDB65E}.Debug|Any CPU.ActiveCfg = Debug|Any CPU
		{A7FCC67B-2906-48AF-851A-61E73CCDB65E}.Debug|Any CPU.Build.0 = Debug|Any CPU
		{A7FCC67B-2906-48AF-851A-61E73CCDB65E}.Release|Any CPU.ActiveCfg = Release|Any CPU
		{A7FCC67B-2906-48AF-851A-61E73CCDB65E}.Release|Any CPU.Build.0 = Release|Any CPU
	EndGlobalSection
	GlobalSection(SolutionProperties) = preSolution
		HideSolutionNode = FALSE
	EndGlobalSection
	GlobalSection(ExtensibilityGlobals) = postSolution
		SolutionGuid = {FB0DE6EC-6643-4AE2-871B-74F97476E9F5}
	EndGlobalSection
EndGlobal
